
Microsoft Visual Studio Solution File, Format Version 12.00
# Visual Studio Version 16
VisualStudioVersion = 16.0.31729.503
MinimumVisualStudioVersion = 10.0.40219.1
Project("{FAE04EC0-301F-11D3-BF4B-00C04F79EFBC}") = "КорсарВишневый", "КорсарВишневый.csproj", "{655573B1-9AAC-432B-A236-B67F3E5CF02A}"
EndProject
Global
	GlobalSection(SolutionConfigurationPlatforms) = preSolution
		Debug|Any CPU = Debug|Any CPU
		Release|Any CPU = Release|Any CPU
	EndGlobalSection
	GlobalSection(ProjectConfigurationPlatforms) = postSolution
		{655573B1-9AAC-432B-A236-B67F3E5CF02A}.Debug|Any CPU.ActiveCfg = Debug|Any CPU
		{655573B1-9AAC-432B-A236-B67F3E5CF02A}.Debug|Any CPU.Build.0 = Debug|Any CPU
		{655573B1-9AAC-432B-A236-B67F3E5CF02A}.Release|Any CPU.ActiveCfg = Release|Any CPU
		{655573B1-9AAC-432B-A236-B67F3E5CF02A}.Release|Any CPU.Build.0 = Release|Any CPU
	EndGlobalSection
	GlobalSection(SolutionProperties) = preSolution
		HideSolutionNode = FALSE
	EndGlobalSection
	GlobalSection(ExtensibilityGlobals) = postSolution
		SolutionGuid = {238B3A19-F34B-45F2-A26E-1EBE519E6AC1}
	EndGlobalSection
EndGlobal
